{
  "version": "5",
  "specifiers": {
    "npm:@expo-google-fonts/courier-prime@0.4": "0.4.0",
    "npm:base64-arraybuffer@^1.0.2": "1.0.2",
    "npm:date-fns@^4.1.0": "4.1.0",
    "npm:html-entities@^2.6.0": "2.6.0"
  },
  "npm": {
    "@expo-google-fonts/courier-prime@0.4.0": {
      "integrity": "sha512-P5yEa4U0eW6nvw9AZjLcPM7UXMtWVzJzr7y69es+zLmLoVXp+TC6C+89We6Upqh9nA1xlAoaPWiaTXi95iLZ9w=="
    },
    "base64-arraybuffer@1.0.2": {
      "integrity": "sha512-I3yl4r9QB5ZRY3XuJVEPfc2XhZO6YweFPI+UovAzn+8/hb3oJ6lnysaFcjVpkCPfVWFUDvoZ8kmVDP7WyRtYtQ=="
    },
    "date-fns@4.1.0": {
      "integrity": "sha512-Ukq0owbQXxa/U3EGtsdVBkR1w7KOQ5gIBqdH2hkvknzZPYvBxb/aa6E8L7tmjFtkwZBu3UXBbjIgPo/Ez4xaNg=="
    },
    "html-entities@2.6.0": {
      "integrity": "sha512-kig+rMn/QOVRvr7c86gQ8lWXq+Hkv6CbAH1hLu+RG338StTpE8Z0b44SDVaqVu7HGKf27frdmUYEs9hTUX/cLQ=="
    }
  },
  "workspace": {
    "packageJson": {
      "dependencies": [
        "npm:@expo-google-fonts/cinzel@~0.4.2",
        "npm:@expo-google-fonts/courier-prime@0.4",
        "npm:@expo/metro-runtime@~6.1.2",
        "npm:@expo/vector-icons@^15.0.3",
        "npm:@ffmpeg/ffmpeg@~0.12.15",
        "npm:@ffmpeg/util@~0.12.2",
        "npm:@react-native-async-storage/async-storage@2.2.0",
        "npm:@react-native-community/slider@5.0.1",
        "npm:@react-navigation/bottom-tabs@6.5.20",
        "npm:@react-navigation/native-stack@6.9.25",
        "npm:@react-navigation/native@6.1.18",
        "npm:@react-navigation/stack@^6.4.1",
        "npm:@supabase/supabase-js@^2.57.4",
        "npm:@types/react-dom@~19.1.7",
        "npm:@types/react@~19.1.10",
        "npm:babel-plugin-module-resolver@^5.0.2",
        "npm:base64-arraybuffer@^1.0.2",
        "npm:buffer@^6.0.3",
        "npm:crypto-browserify@^3.12.1",
        "npm:date-fns@^4.1.0",
        "npm:dayjs@^1.11.18",
        "npm:expo-av@~16.0.8",
        "npm:expo-clipboard@~8.0.8",
        "npm:expo-constants@~18.0.13",
        "npm:expo-crypto@~15.0.8",
        "npm:expo-dev-client@~6.0.20",
        "npm:expo-device@~8.0.10",
        "npm:expo-document-picker@~14.0.8",
        "npm:expo-file-system@~19.0.21",
        "npm:expo-font@~14.0.11",
        "npm:expo-iap@^3.4.13",
        "npm:expo-image-manipulator@~14.0.8",
        "npm:expo-image-picker@~17.0.10",
        "npm:expo-linear-gradient@~15.0.8",
        "npm:expo-linking@~8.0.11",
        "npm:expo-notifications@~0.32.16",
        "npm:expo-secure-store@~15.0.8",
        "npm:expo-splash-screen@~31.0.13",
        "npm:expo-status-bar@~3.0.9",
        "npm:expo-video-thumbnails@~10.0.8",
        "npm:expo-web-browser@~15.0.10",
        "npm:expo@54",
        "npm:html-entities@^2.6.0",
        "npm:mime@^4.1.0",
        "npm:process@~0.11.10",
        "npm:raw-loader@^4.0.2",
        "npm:react-dom@19.1.0",
        "npm:react-native-dropdown-picker@^5.4.6",
        "npm:react-native-gesture-handler@2.28",
        "npm:react-native-get-random-values@1.11",
        "npm:react-native-maps@1.20.1",
        "npm:react-native-paper@^5.14.5",
        "npm:react-native-purchases@^9.15.2",
        "npm:react-native-reanimated@~4.1.1",
        "npm:react-native-safe-area-context@5.6",
        "npm:react-native-screens@4.16",
        "npm:react-native-toast-message@^2.3.3",
        "npm:react-native-url-polyfill@2",
        "npm:react-native-uuid@^2.0.3",
        "npm:react-native-vector-icons@^10.3.0",
        "npm:react-native-web-webview@^1.0.2",
        "npm:react-native-web@0.21",
        "npm:react-native-webview@13.15.0",
        "npm:react-native-worklets@0.5.1",
        "npm:react-native-youtube-iframe@^2.4.1",
        "npm:react-native@0.81.5",
        "npm:react@19.1.0",
        "npm:stream-browserify@3",
        "npm:tus-js-client@^4.3.1",
        "npm:typescript@~5.9.2",
        "npm:vm-browserify@^1.1.2",
        "npm:webpack@^5.101.3"
      ]
    }
  }
}
